
Microsoft Visual Studio Solution File, Format Version 12.00
# Visual Studio Version 17
VisualStudioVersion = 17.8.34330.188
MinimumVisualStudioVersion = 10.0.40219.1
Project("{FAE04EC0-301F-11D3-BF4B-00C04F79EFBC}") = "backend", "backend.csproj", "{3AD8DCC5-CD58-4BC7-B78A-8CB796438A34}"
EndProject
Global
	GlobalSection(SolutionConfigurationPlatforms) = preSolution
		Debug|Any CPU = Debug|Any CPU
		Release|Any CPU = Release|Any CPU
	EndGlobalSection
	GlobalSection(ProjectConfigurationPlatforms) = postSolution
		{3AD8DCC5-CD58-4BC7-B78A-8CB796438A34}.Debug|Any CPU.ActiveCfg = Debug|Any CPU
		{3AD8DCC5-CD58-4BC7-B78A-8CB796438A34}.Debug|Any CPU.Build.0 = Debug|Any CPU
		{3AD8DCC5-CD58-4BC7-B78A-8CB796438A34}.Release|Any CPU.ActiveCfg = Release|Any CPU
		{3AD8DCC5-CD58-4BC7-B78A-8CB796438A34}.Release|Any CPU.Build.0 = Release|Any CPU
	EndGlobalSection
	GlobalSection(SolutionProperties) = preSolution
		HideSolutionNode = FALSE
	EndGlobalSection
	GlobalSection(ExtensibilityGlobals) = postSolution
		SolutionGuid = {F6A46D3E-F229-412E-8E82-CDF2D0F8FF59}
	EndGlobalSection
EndGlobal
